
Microsoft Visual Studio Solution File, Format Version 11.00
# Visual Studio 2010
Project("{FAE04EC0-301F-11D3-BF4B-00C04F79EFBC}") = "city builder VR", "Assembly-CSharp.csproj", "{210415FA-5FE5-2D37-DF7F-1FB793240E31}"
EndProject
Project("{FAE04EC0-301F-11D3-BF4B-00C04F79EFBC}") = "city builder VR", "Assembly-CSharp-Editor.csproj", "{31210394-09BA-0259-44BF-D7A89DA2CB4D}"
EndProject
Global
	GlobalSection(SolutionConfigurationPlatforms) = preSolution
		Debug|Any CPU = Debug|Any CPU
		Release|Any CPU = Release|Any CPU
	EndGlobalSection
	GlobalSection(ProjectConfigurationPlatforms) = postSolution
		{210415FA-5FE5-2D37-DF7F-1FB793240E31}.Debug|Any CPU.ActiveCfg = Debug|Any CPU
		{210415FA-5FE5-2D37-DF7F-1FB793240E31}.Debug|Any CPU.Build.0 = Debug|Any CPU
		{210415FA-5FE5-2D37-DF7F-1FB793240E31}.Release|Any CPU.ActiveCfg = Release|Any CPU
		{210415FA-5FE5-2D37-DF7F-1FB793240E31}.Release|Any CPU.Build.0 = Release|Any CPU
		{31210394-09BA-0259-44BF-D7A89DA2CB4D}.Debug|Any CPU.ActiveCfg = Debug|Any CPU
		{31210394-09BA-0259-44BF-D7A89DA2CB4D}.Debug|Any CPU.Build.0 = Debug|Any CPU
		{31210394-09BA-0259-44BF-D7A89DA2CB4D}.Release|Any CPU.ActiveCfg = Release|Any CPU
		{31210394-09BA-0259-44BF-D7A89DA2CB4D}.Release|Any CPU.Build.0 = Release|Any CPU
	EndGlobalSection
	GlobalSection(SolutionProperties) = preSolution
		HideSolutionNode = FALSE
	EndGlobalSection
	GlobalSection(MonoDevelopProperties) = preSolution
		StartupItem = Assembly-CSharp.csproj
	EndGlobalSection
EndGlobal
